
Microsoft Visual Studio Solution File, Format Version 12.00
# Visual Studio Version 17
VisualStudioVersion = 17.14.36414.22 d17.14
MinimumVisualStudioVersion = 10.0.40219.1
Project("{8BC9CEB8-8B4A-11D0-8D11-00A0C91BC942}") = "LRU_Cache", "LRU_Cache\LRU_Cache.vcxproj", "{98D7EB8D-74DF-4949-8234-5DFFEDCFED71}"
EndProject
Global
	GlobalSection(SolutionConfigurationPlatforms) = preSolution
		Debug|x64 = Debug|x64
		Debug|x86 = Debug|x86
		Release|x64 = Release|x64
		Release|x86 = Release|x86
	EndGlobalSection
	GlobalSection(ProjectConfigurationPlatforms) = postSolution
		{98D7EB8D-74DF-4949-8234-5DFFEDCFED71}.Debug|x64.ActiveCfg = Debug|x64
		{98D7EB8D-74DF-4949-8234-5DFFEDCFED71}.Debug|x64.Build.0 = Debug|x64
		{98D7EB8D-74DF-4949-8234-5DFFEDCFED71}.Debug|x86.ActiveCfg = Debug|Win32
		{98D7EB8D-74DF-4949-8234-5DFFEDCFED71}.Debug|x86.Build.0 = Debug|Win32
		{98D7EB8D-74DF-4949-8234-5DFFEDCFED71}.Release|x64.ActiveCfg = Release|x64
		{98D7EB8D-74DF-4949-8234-5DFFEDCFED71}.Release|x64.Build.0 = Release|x64
		{98D7EB8D-74DF-4949-8234-5DFFEDCFED71}.Release|x86.ActiveCfg = Release|Win32
		{98D7EB8D-74DF-4949-8234-5DFFEDCFED71}.Release|x86.Build.0 = Release|Win32
	EndGlobalSection
	GlobalSection(SolutionProperties) = preSolution
		HideSolutionNode = FALSE
	EndGlobalSection
	GlobalSection(ExtensibilityGlobals) = postSolution
		SolutionGuid = {5F5909A7-5230-4B78-91B1-5D5D67948A84}
	EndGlobalSection
EndGlobal
